// !$*UTF8*$!
{
	archiveVersion = 1;
	classes = {
	};
	objectVersion = 56;
	objects = {

/* Begin PBXBuildFile section */
		0EAE3331291B6AAF00AA4FE6 /* Certification.swift in Sources */ = {isa = PBXBuildFile; fileRef = 0EAE3330291B6AAF00AA4FE6 /* Certification.swift */; };
		0EAE3333291B722F00AA4FE6 /* UITextField+Extension.swift in Sources */ = {isa = PBXBuildFile; fileRef = 0EAE3332291B722F00AA4FE6 /* UITextField+Extension.swift */; };
		0EB826932918B4AF00CA626A /* AppDelegate.swift in Sources */ = {isa = PBXBuildFile; fileRef = 0EB826922918B4AF00CA626A /* AppDelegate.swift */; };
		0EB826952918B4AF00CA626A /* SceneDelegate.swift in Sources */ = {isa = PBXBuildFile; fileRef = 0EB826942918B4AF00CA626A /* SceneDelegate.swift */; };
		0EB8269A2918B4AF00CA626A /* Main.storyboard in Resources */ = {isa = PBXBuildFile; fileRef = 0EB826982918B4AF00CA626A /* Main.storyboard */; };
		0EB8269C2918B4B000CA626A /* Assets.xcassets in Resources */ = {isa = PBXBuildFile; fileRef = 0EB8269B2918B4B000CA626A /* Assets.xcassets */; };
		0EB8269F2918B4B000CA626A /* LaunchScreen.storyboard in Resources */ = {isa = PBXBuildFile; fileRef = 0EB8269D2918B4B000CA626A /* LaunchScreen.storyboard */; };
		0EB826AA2918B4B100CA626A /* StudyMateTests.swift in Sources */ = {isa = PBXBuildFile; fileRef = 0EB826A92918B4B100CA626A /* StudyMateTests.swift */; };
		0EB826B42918B4B100CA626A /* StudyMateUITests.swift in Sources */ = {isa = PBXBuildFile; fileRef = 0EB826B32918B4B100CA626A /* StudyMateUITests.swift */; };
		0EB826B62918B4B100CA626A /* StudyMateUITestsLaunchTests.swift in Sources */ = {isa = PBXBuildFile; fileRef = 0EB826B52918B4B100CA626A /* StudyMateUITestsLaunchTests.swift */; };
		0EB826D12918E1C900CA626A /* BaseViewController.swift in Sources */ = {isa = PBXBuildFile; fileRef = 0EB826D02918E1C900CA626A /* BaseViewController.swift */; };
		0EB826D32918E29500CA626A /* BaseView.swift in Sources */ = {isa = PBXBuildFile; fileRef = 0EB826D22918E29500CA626A /* BaseView.swift */; };
		0EB826D52918E2C600CA626A /* BaseCollectionViewCell.swift in Sources */ = {isa = PBXBuildFile; fileRef = 0EB826D42918E2C600CA626A /* BaseCollectionViewCell.swift */; };
		0EB826DD2918E2E400CA626A /* Font.swift in Sources */ = {isa = PBXBuildFile; fileRef = 0EB826D92918E2E400CA626A /* Font.swift */; };
		0EB826DE2918E2E400CA626A /* Color.swift in Sources */ = {isa = PBXBuildFile; fileRef = 0EB826DA2918E2E400CA626A /* Color.swift */; };
		0EB826E12918F42200CA626A /* SelectButton.swift in Sources */ = {isa = PBXBuildFile; fileRef = 0EB826E02918F42200CA626A /* SelectButton.swift */; };
		0EB826E329191D2000CA626A /* SDSSelectButton.swift in Sources */ = {isa = PBXBuildFile; fileRef = 0EB826E229191D2000CA626A /* SDSSelectButton.swift */; };
		0EB826E62919214900CA626A /* NotoSansKR-Regular.otf in Resources */ = {isa = PBXBuildFile; fileRef = 0EB826E42919214900CA626A /* NotoSansKR-Regular.otf */; };
		0EB826E72919214900CA626A /* NotoSansKR-Medium.otf in Resources */ = {isa = PBXBuildFile; fileRef = 0EB826E52919214900CA626A /* NotoSansKR-Medium.otf */; };
		0EB826E9291932E500CA626A /* keywordButton.swift in Sources */ = {isa = PBXBuildFile; fileRef = 0EB826E8291932E500CA626A /* keywordButton.swift */; };
		0EB826EE29193B3600CA626A /* Coordinator.swift in Sources */ = {isa = PBXBuildFile; fileRef = 0EB826ED29193B3600CA626A /* Coordinator.swift */; };
		0EB826F029193CE800CA626A /* AppCoordinator.swift in Sources */ = {isa = PBXBuildFile; fileRef = 0EB826EF29193CE800CA626A /* AppCoordinator.swift */; };
		0EB826F5291966C900CA626A /* TabbarViewController.swift in Sources */ = {isa = PBXBuildFile; fileRef = 0EB826F4291966C900CA626A /* TabbarViewController.swift */; };
		0EB826F7291966E500CA626A /* OnBoardingViewController.swift in Sources */ = {isa = PBXBuildFile; fileRef = 0EB826F6291966E500CA626A /* OnBoardingViewController.swift */; };
		0EB826F92919736500CA626A /* OnBoardingCoordinator.swift in Sources */ = {isa = PBXBuildFile; fileRef = 0EB826F82919736500CA626A /* OnBoardingCoordinator.swift */; };
		0EB826FB2919736F00CA626A /* CertificationCoordinator.swift in Sources */ = {isa = PBXBuildFile; fileRef = 0EB826FA2919736F00CA626A /* CertificationCoordinator.swift */; };
		0EB826FD2919737B00CA626A /* MainCoordinator.swift in Sources */ = {isa = PBXBuildFile; fileRef = 0EB826FC2919737B00CA626A /* MainCoordinator.swift */; };
		0EB826FF2919F7F400CA626A /* BaseCoordinatorContext.swift in Sources */ = {isa = PBXBuildFile; fileRef = 0EB826FE2919F7F400CA626A /* BaseCoordinatorContext.swift */; };
		0EB82705291A265700CA626A /* OnBoardingCoordinatorContext.swift in Sources */ = {isa = PBXBuildFile; fileRef = 0EB82704291A265700CA626A /* OnBoardingCoordinatorContext.swift */; };
		0EB82707291A28E400CA626A /* CertificationViewController.swift in Sources */ = {isa = PBXBuildFile; fileRef = 0EB82706291A28E400CA626A /* CertificationViewController.swift */; };
		0EB82709291A299A00CA626A /* CertificationCoordinatorContext.swift in Sources */ = {isa = PBXBuildFile; fileRef = 0EB82708291A299A00CA626A /* CertificationCoordinatorContext.swift */; };
		0EB8270C291A2CAD00CA626A /* TabBarItem.swift in Sources */ = {isa = PBXBuildFile; fileRef = 0EB8270B291A2CAD00CA626A /* TabBarItem.swift */; };
		0EB8270E291A2E5E00CA626A /* MainCoordinatorContext.swift in Sources */ = {isa = PBXBuildFile; fileRef = 0EB8270D291A2E5E00CA626A /* MainCoordinatorContext.swift */; };
		0EB82711291A31B500CA626A /* HomeViewController.swift in Sources */ = {isa = PBXBuildFile; fileRef = 0EB82710291A31B500CA626A /* HomeViewController.swift */; };
		0EB82714291A320F00CA626A /* HomeCoordinator.swift in Sources */ = {isa = PBXBuildFile; fileRef = 0EB82713291A320F00CA626A /* HomeCoordinator.swift */; };
		0EB82716291A328800CA626A /* HomeCoordinatorContext.swift in Sources */ = {isa = PBXBuildFile; fileRef = 0EB82715291A328800CA626A /* HomeCoordinatorContext.swift */; };
		0EB82718291A46B100CA626A /* UILabel+Extension.swift in Sources */ = {isa = PBXBuildFile; fileRef = 0EB82717291A46B100CA626A /* UILabel+Extension.swift */; };
		0EB8271A291A486300CA626A /* LineHeightLabel.swift in Sources */ = {isa = PBXBuildFile; fileRef = 0EB82719291A486300CA626A /* LineHeightLabel.swift */; };
		0EB8271D291A4DC800CA626A /* OnBoardingCollectionViewCell.swift in Sources */ = {isa = PBXBuildFile; fileRef = 0EB8271C291A4DC800CA626A /* OnBoardingCollectionViewCell.swift */; };
		0EB82720291A746F00CA626A /* OnBoardingViewModel.swift in Sources */ = {isa = PBXBuildFile; fileRef = 0EB8271F291A746F00CA626A /* OnBoardingViewModel.swift */; };
		0EB82722291A88B000CA626A /* AppCoordinatorContext.swift in Sources */ = {isa = PBXBuildFile; fileRef = 0EB82721291A88B000CA626A /* AppCoordinatorContext.swift */; };
		33FCF15BF2A2AFDB12681E71 /* Pods_StudyMate_StudyMateUITests.framework in Frameworks */ = {isa = PBXBuildFile; fileRef = 2C2F97C840E6D1D34A9BFCC7 /* Pods_StudyMate_StudyMateUITests.framework */; };
		6197C0DDB0AB2B1E96EA203F /* Pods_StudyMateTests.framework in Frameworks */ = {isa = PBXBuildFile; fileRef = 8BAA7A9CF80E6040823CED8F /* Pods_StudyMateTests.framework */; };
		DDA35DA2CEDB8AB2628858BD /* Pods_StudyMate.framework in Frameworks */ = {isa = PBXBuildFile; fileRef = 32A7669B0A6210A7BFBA7D74 /* Pods_StudyMate.framework */; };
/* End PBXBuildFile section */

/* Begin PBXContainerItemProxy section */
		0EB826A62918B4B100CA626A /* PBXContainerItemProxy */ = {
			isa = PBXContainerItemProxy;
			containerPortal = 0EB826872918B4AF00CA626A /* Project object */;
			proxyType = 1;
			remoteGlobalIDString = 0EB8268E2918B4AF00CA626A;
			remoteInfo = StudyMate;
		};
		0EB826B02918B4B100CA626A /* PBXContainerItemProxy */ = {
			isa = PBXContainerItemProxy;
			containerPortal = 0EB826872918B4AF00CA626A /* Project object */;
			proxyType = 1;
			remoteGlobalIDString = 0EB8268E2918B4AF00CA626A;
			remoteInfo = StudyMate;
		};
/* End PBXContainerItemProxy section */

/* Begin PBXFileReference section */
		0EAE3330291B6AAF00AA4FE6 /* Certification.swift */ = {isa = PBXFileReference; lastKnownFileType = sourcecode.swift; path = Certification.swift; sourceTree = "<group>"; };
		0EAE3332291B722F00AA4FE6 /* UITextField+Extension.swift */ = {isa = PBXFileReference; lastKnownFileType = sourcecode.swift; path = "UITextField+Extension.swift"; sourceTree = "<group>"; };
		0EB8268F2918B4AF00CA626A /* StudyMate.app */ = {isa = PBXFileReference; explicitFileType = wrapper.application; includeInIndex = 0; path = StudyMate.app; sourceTree = BUILT_PRODUCTS_DIR; };
		0EB826922918B4AF00CA626A /* AppDelegate.swift */ = {isa = PBXFileReference; lastKnownFileType = sourcecode.swift; path = AppDelegate.swift; sourceTree = "<group>"; };
		0EB826942918B4AF00CA626A /* SceneDelegate.swift */ = {isa = PBXFileReference; lastKnownFileType = sourcecode.swift; path = SceneDelegate.swift; sourceTree = "<group>"; };
		0EB826992918B4AF00CA626A /* Base */ = {isa = PBXFileReference; lastKnownFileType = file.storyboard; name = Base; path = Base.lproj/Main.storyboard; sourceTree = "<group>"; };
		0EB8269B2918B4B000CA626A /* Assets.xcassets */ = {isa = PBXFileReference; lastKnownFileType = folder.assetcatalog; path = Assets.xcassets; sourceTree = "<group>"; };
		0EB8269E2918B4B000CA626A /* Base */ = {isa = PBXFileReference; lastKnownFileType = file.storyboard; name = Base; path = Base.lproj/LaunchScreen.storyboard; sourceTree = "<group>"; };
		0EB826A02918B4B000CA626A /* Info.plist */ = {isa = PBXFileReference; lastKnownFileType = text.plist.xml; path = Info.plist; sourceTree = "<group>"; };
		0EB826A52918B4B100CA626A /* StudyMateTests.xctest */ = {isa = PBXFileReference; explicitFileType = wrapper.cfbundle; includeInIndex = 0; path = StudyMateTests.xctest; sourceTree = BUILT_PRODUCTS_DIR; };
		0EB826A92918B4B100CA626A /* StudyMateTests.swift */ = {isa = PBXFileReference; lastKnownFileType = sourcecode.swift; path = StudyMateTests.swift; sourceTree = "<group>"; };
		0EB826AF2918B4B100CA626A /* StudyMateUITests.xctest */ = {isa = PBXFileReference; explicitFileType = wrapper.cfbundle; includeInIndex = 0; path = StudyMateUITests.xctest; sourceTree = BUILT_PRODUCTS_DIR; };
		0EB826B32918B4B100CA626A /* StudyMateUITests.swift */ = {isa = PBXFileReference; lastKnownFileType = sourcecode.swift; path = StudyMateUITests.swift; sourceTree = "<group>"; };
		0EB826B52918B4B100CA626A /* StudyMateUITestsLaunchTests.swift */ = {isa = PBXFileReference; lastKnownFileType = sourcecode.swift; path = StudyMateUITestsLaunchTests.swift; sourceTree = "<group>"; };
		0EB826D02918E1C900CA626A /* BaseViewController.swift */ = {isa = PBXFileReference; lastKnownFileType = sourcecode.swift; path = BaseViewController.swift; sourceTree = "<group>"; };
		0EB826D22918E29500CA626A /* BaseView.swift */ = {isa = PBXFileReference; lastKnownFileType = sourcecode.swift; path = BaseView.swift; sourceTree = "<group>"; };
		0EB826D42918E2C600CA626A /* BaseCollectionViewCell.swift */ = {isa = PBXFileReference; lastKnownFileType = sourcecode.swift; path = BaseCollectionViewCell.swift; sourceTree = "<group>"; };
		0EB826D92918E2E400CA626A /* Font.swift */ = {isa = PBXFileReference; fileEncoding = 4; lastKnownFileType = sourcecode.swift; path = Font.swift; sourceTree = "<group>"; };
		0EB826DA2918E2E400CA626A /* Color.swift */ = {isa = PBXFileReference; fileEncoding = 4; lastKnownFileType = sourcecode.swift; path = Color.swift; sourceTree = "<group>"; };
		0EB826E02918F42200CA626A /* SelectButton.swift */ = {isa = PBXFileReference; lastKnownFileType = sourcecode.swift; path = SelectButton.swift; sourceTree = "<group>"; };
		0EB826E229191D2000CA626A /* SDSSelectButton.swift */ = {isa = PBXFileReference; lastKnownFileType = sourcecode.swift; path = SDSSelectButton.swift; sourceTree = "<group>"; };
		0EB826E42919214900CA626A /* NotoSansKR-Regular.otf */ = {isa = PBXFileReference; lastKnownFileType = file; path = "NotoSansKR-Regular.otf"; sourceTree = "<group>"; };
		0EB826E52919214900CA626A /* NotoSansKR-Medium.otf */ = {isa = PBXFileReference; lastKnownFileType = file; path = "NotoSansKR-Medium.otf"; sourceTree = "<group>"; };
		0EB826E8291932E500CA626A /* keywordButton.swift */ = {isa = PBXFileReference; lastKnownFileType = sourcecode.swift; path = keywordButton.swift; sourceTree = "<group>"; };
		0EB826ED29193B3600CA626A /* Coordinator.swift */ = {isa = PBXFileReference; lastKnownFileType = sourcecode.swift; path = Coordinator.swift; sourceTree = "<group>"; };
		0EB826EF29193CE800CA626A /* AppCoordinator.swift */ = {isa = PBXFileReference; lastKnownFileType = sourcecode.swift; path = AppCoordinator.swift; sourceTree = "<group>"; };
		0EB826F4291966C900CA626A /* TabbarViewController.swift */ = {isa = PBXFileReference; lastKnownFileType = sourcecode.swift; path = TabbarViewController.swift; sourceTree = "<group>"; };
		0EB826F6291966E500CA626A /* OnBoardingViewController.swift */ = {isa = PBXFileReference; lastKnownFileType = sourcecode.swift; path = OnBoardingViewController.swift; sourceTree = "<group>"; };
		0EB826F82919736500CA626A /* OnBoardingCoordinator.swift */ = {isa = PBXFileReference; lastKnownFileType = sourcecode.swift; path = OnBoardingCoordinator.swift; sourceTree = "<group>"; };
		0EB826FA2919736F00CA626A /* CertificationCoordinator.swift */ = {isa = PBXFileReference; lastKnownFileType = sourcecode.swift; path = CertificationCoordinator.swift; sourceTree = "<group>"; };
		0EB826FC2919737B00CA626A /* MainCoordinator.swift */ = {isa = PBXFileReference; lastKnownFileType = sourcecode.swift; path = MainCoordinator.swift; sourceTree = "<group>"; };
		0EB826FE2919F7F400CA626A /* BaseCoordinatorContext.swift */ = {isa = PBXFileReference; lastKnownFileType = sourcecode.swift; path = BaseCoordinatorContext.swift; sourceTree = "<group>"; };
		0EB82704291A265700CA626A /* OnBoardingCoordinatorContext.swift */ = {isa = PBXFileReference; lastKnownFileType = sourcecode.swift; path = OnBoardingCoordinatorContext.swift; sourceTree = "<group>"; };
		0EB82706291A28E400CA626A /* CertificationViewController.swift */ = {isa = PBXFileReference; lastKnownFileType = sourcecode.swift; path = CertificationViewController.swift; sourceTree = "<group>"; };
		0EB82708291A299A00CA626A /* CertificationCoordinatorContext.swift */ = {isa = PBXFileReference; lastKnownFileType = sourcecode.swift; path = CertificationCoordinatorContext.swift; sourceTree = "<group>"; };
		0EB8270B291A2CAD00CA626A /* TabBarItem.swift */ = {isa = PBXFileReference; lastKnownFileType = sourcecode.swift; path = TabBarItem.swift; sourceTree = "<group>"; };
		0EB8270D291A2E5E00CA626A /* MainCoordinatorContext.swift */ = {isa = PBXFileReference; lastKnownFileType = sourcecode.swift; path = MainCoordinatorContext.swift; sourceTree = "<group>"; };
		0EB82710291A31B500CA626A /* HomeViewController.swift */ = {isa = PBXFileReference; lastKnownFileType = sourcecode.swift; path = HomeViewController.swift; sourceTree = "<group>"; };
		0EB82713291A320F00CA626A /* HomeCoordinator.swift */ = {isa = PBXFileReference; lastKnownFileType = sourcecode.swift; path = HomeCoordinator.swift; sourceTree = "<group>"; };
		0EB82715291A328800CA626A /* HomeCoordinatorContext.swift */ = {isa = PBXFileReference; lastKnownFileType = sourcecode.swift; path = HomeCoordinatorContext.swift; sourceTree = "<group>"; };
		0EB82717291A46B100CA626A /* UILabel+Extension.swift */ = {isa = PBXFileReference; lastKnownFileType = sourcecode.swift; path = "UILabel+Extension.swift"; sourceTree = "<group>"; };
		0EB82719291A486300CA626A /* LineHeightLabel.swift */ = {isa = PBXFileReference; lastKnownFileType = sourcecode.swift; path = LineHeightLabel.swift; sourceTree = "<group>"; };
		0EB8271C291A4DC800CA626A /* OnBoardingCollectionViewCell.swift */ = {isa = PBXFileReference; lastKnownFileType = sourcecode.swift; path = OnBoardingCollectionViewCell.swift; sourceTree = "<group>"; };
		0EB8271F291A746F00CA626A /* OnBoardingViewModel.swift */ = {isa = PBXFileReference; lastKnownFileType = sourcecode.swift; path = OnBoardingViewModel.swift; sourceTree = "<group>"; };
		0EB82721291A88B000CA626A /* AppCoordinatorContext.swift */ = {isa = PBXFileReference; lastKnownFileType = sourcecode.swift; path = AppCoordinatorContext.swift; sourceTree = "<group>"; };
		12585CB0DD1706A6930D932D /* Pods-StudyMate-StudyMateUITests.debug.xcconfig */ = {isa = PBXFileReference; includeInIndex = 1; lastKnownFileType = text.xcconfig; name = "Pods-StudyMate-StudyMateUITests.debug.xcconfig"; path = "Target Support Files/Pods-StudyMate-StudyMateUITests/Pods-StudyMate-StudyMateUITests.debug.xcconfig"; sourceTree = "<group>"; };
		2368E47E329355D01685A4EA /* Pods-StudyMate.release.xcconfig */ = {isa = PBXFileReference; includeInIndex = 1; lastKnownFileType = text.xcconfig; name = "Pods-StudyMate.release.xcconfig"; path = "Target Support Files/Pods-StudyMate/Pods-StudyMate.release.xcconfig"; sourceTree = "<group>"; };
		2C2F97C840E6D1D34A9BFCC7 /* Pods_StudyMate_StudyMateUITests.framework */ = {isa = PBXFileReference; explicitFileType = wrapper.framework; includeInIndex = 0; path = Pods_StudyMate_StudyMateUITests.framework; sourceTree = BUILT_PRODUCTS_DIR; };
		2D0C744CB33BD32236B9EAC0 /* Pods-StudyMateTests.debug.xcconfig */ = {isa = PBXFileReference; includeInIndex = 1; lastKnownFileType = text.xcconfig; name = "Pods-StudyMateTests.debug.xcconfig"; path = "Target Support Files/Pods-StudyMateTests/Pods-StudyMateTests.debug.xcconfig"; sourceTree = "<group>"; };
		32A7669B0A6210A7BFBA7D74 /* Pods_StudyMate.framework */ = {isa = PBXFileReference; explicitFileType = wrapper.framework; includeInIndex = 0; path = Pods_StudyMate.framework; sourceTree = BUILT_PRODUCTS_DIR; };
		71631DE532A30A31D5301870 /* Pods-StudyMate-StudyMateUITests.release.xcconfig */ = {isa = PBXFileReference; includeInIndex = 1; lastKnownFileType = text.xcconfig; name = "Pods-StudyMate-StudyMateUITests.release.xcconfig"; path = "Target Support Files/Pods-StudyMate-StudyMateUITests/Pods-StudyMate-StudyMateUITests.release.xcconfig"; sourceTree = "<group>"; };
		8BAA7A9CF80E6040823CED8F /* Pods_StudyMateTests.framework */ = {isa = PBXFileReference; explicitFileType = wrapper.framework; includeInIndex = 0; path = Pods_StudyMateTests.framework; sourceTree = BUILT_PRODUCTS_DIR; };
		A971A89E97159664AC055E40 /* Pods-StudyMate.debug.xcconfig */ = {isa = PBXFileReference; includeInIndex = 1; lastKnownFileType = text.xcconfig; name = "Pods-StudyMate.debug.xcconfig"; path = "Target Support Files/Pods-StudyMate/Pods-StudyMate.debug.xcconfig"; sourceTree = "<group>"; };
		C09E86A79850C527F9BC0EBE /* Pods-StudyMateTests.release.xcconfig */ = {isa = PBXFileReference; includeInIndex = 1; lastKnownFileType = text.xcconfig; name = "Pods-StudyMateTests.release.xcconfig"; path = "Target Support Files/Pods-StudyMateTests/Pods-StudyMateTests.release.xcconfig"; sourceTree = "<group>"; };
/* End PBXFileReference section */

/* Begin PBXFrameworksBuildPhase section */
		0EB8268C2918B4AF00CA626A /* Frameworks */ = {
			isa = PBXFrameworksBuildPhase;
			buildActionMask = 2147483647;
			files = (
				DDA35DA2CEDB8AB2628858BD /* Pods_StudyMate.framework in Frameworks */,
			);
			runOnlyForDeploymentPostprocessing = 0;
		};
		0EB826A22918B4B100CA626A /* Frameworks */ = {
			isa = PBXFrameworksBuildPhase;
			buildActionMask = 2147483647;
			files = (
				6197C0DDB0AB2B1E96EA203F /* Pods_StudyMateTests.framework in Frameworks */,
			);
			runOnlyForDeploymentPostprocessing = 0;
		};
		0EB826AC2918B4B100CA626A /* Frameworks */ = {
			isa = PBXFrameworksBuildPhase;
			buildActionMask = 2147483647;
			files = (
				33FCF15BF2A2AFDB12681E71 /* Pods_StudyMate_StudyMateUITests.framework in Frameworks */,
			);
			runOnlyForDeploymentPostprocessing = 0;
		};
/* End PBXFrameworksBuildPhase section */

/* Begin PBXGroup section */
		08B704470094FF2E0A5EAC9E /* Frameworks */ = {
			isa = PBXGroup;
			children = (
				32A7669B0A6210A7BFBA7D74 /* Pods_StudyMate.framework */,
				2C2F97C840E6D1D34A9BFCC7 /* Pods_StudyMate_StudyMateUITests.framework */,
				8BAA7A9CF80E6040823CED8F /* Pods_StudyMateTests.framework */,
			);
			name = Frameworks;
			sourceTree = "<group>";
		};
		0EAE332F291B65FC00AA4FE6 /* Certification */ = {
			isa = PBXGroup;
			children = (
				0EB8271F291A746F00CA626A /* OnBoardingViewModel.swift */,
			);
			path = Certification;
			sourceTree = "<group>";
		};
		0EB826862918B4AF00CA626A = {
			isa = PBXGroup;
			children = (
				0EB826912918B4AF00CA626A /* StudyMate */,
				0EB826A82918B4B100CA626A /* StudyMateTests */,
				0EB826B22918B4B100CA626A /* StudyMateUITests */,
				0EB826902918B4AF00CA626A /* Products */,
				337E82F4AEEF8310B9651173 /* Pods */,
				08B704470094FF2E0A5EAC9E /* Frameworks */,
			);
			sourceTree = "<group>";
		};
		0EB826902918B4AF00CA626A /* Products */ = {
			isa = PBXGroup;
			children = (
				0EB8268F2918B4AF00CA626A /* StudyMate.app */,
				0EB826A52918B4B100CA626A /* StudyMateTests.xctest */,
				0EB826AF2918B4B100CA626A /* StudyMateUITests.xctest */,
			);
			name = Products;
			sourceTree = "<group>";
		};
		0EB826912918B4AF00CA626A /* StudyMate */ = {
			isa = PBXGroup;
			children = (
				0EB826C32918C32E00CA626A /* Resource */,
				0EB826C22918C32700CA626A /* Source */,
			);
			path = StudyMate;
			sourceTree = "<group>";
		};
		0EB826A82918B4B100CA626A /* StudyMateTests */ = {
			isa = PBXGroup;
			children = (
				0EB826A92918B4B100CA626A /* StudyMateTests.swift */,
			);
			path = StudyMateTests;
			sourceTree = "<group>";
		};
		0EB826B22918B4B100CA626A /* StudyMateUITests */ = {
			isa = PBXGroup;
			children = (
				0EB826B32918B4B100CA626A /* StudyMateUITests.swift */,
				0EB826B52918B4B100CA626A /* StudyMateUITestsLaunchTests.swift */,
			);
			path = StudyMateUITests;
			sourceTree = "<group>";
		};
		0EB826C22918C32700CA626A /* Source */ = {
			isa = PBXGroup;
			children = (
				0EB826C52918E08A00CA626A /* Presents */,
				0EB826C62918E0C800CA626A /* ViewModel */,
				0EB826CC2918E12100CA626A /* Cell */,
				0EB826CA2918E10B00CA626A /* Model */,
				0EB826CD2918E12F00CA626A /* Enum */,
				0EB826EC29193AE100CA626A /* Coordinator */,
				0EB826CB2918E11300CA626A /* Extension */,
				0EB826C92918E0F200CA626A /* Repository */,
				0EB826C82918E0EB00CA626A /* Service */,
				0EB826C72918E0D800CA626A /* Router */,
				0EB826D62918E2E400CA626A /* Constants */,
				0EB826DF2918F31D00CA626A /* Custom */,
				0EB826CF2918E1B900CA626A /* Base */,
			);
			path = Source;
			sourceTree = "<group>";
		};
		0EB826C32918C32E00CA626A /* Resource */ = {
			isa = PBXGroup;
			children = (
				0EB826CE2918E13E00CA626A /* Font */,
				0EB826A02918B4B000CA626A /* Info.plist */,
				0EB8269B2918B4B000CA626A /* Assets.xcassets */,
				0EB826922918B4AF00CA626A /* AppDelegate.swift */,
				0EB826942918B4AF00CA626A /* SceneDelegate.swift */,
				0EB826C42918C3E500CA626A /* StoryBoard */,
			);
			path = Resource;
			sourceTree = "<group>";
		};
		0EB826C42918C3E500CA626A /* StoryBoard */ = {
			isa = PBXGroup;
			children = (
				0EB826982918B4AF00CA626A /* Main.storyboard */,
				0EB8269D2918B4B000CA626A /* LaunchScreen.storyboard */,
			);
			path = StoryBoard;
			sourceTree = "<group>";
		};
		0EB826C52918E08A00CA626A /* Presents */ = {
			isa = PBXGroup;
			children = (
				0EB8270A291A2B0000CA626A /* Tabbar */,
				0EB826F12919668900CA626A /* Onboarding */,
				0EB826F22919669600CA626A /* Certification */,
				0EB8270F291A319F00CA626A /* Home */,
			);
			path = Presents;
			sourceTree = "<group>";
		};
		0EB826C62918E0C800CA626A /* ViewModel */ = {
			isa = PBXGroup;
			children = (
				0EB8271E291A745B00CA626A /* OnBoarding */,
				0EAE332F291B65FC00AA4FE6 /* Certification */,
			);
			path = ViewModel;
			sourceTree = "<group>";
		};
		0EB826C72918E0D800CA626A /* Router */ = {
			isa = PBXGroup;
			children = (
			);
			path = Router;
			sourceTree = "<group>";
		};
		0EB826C82918E0EB00CA626A /* Service */ = {
			isa = PBXGroup;
			children = (
			);
			path = Service;
			sourceTree = "<group>";
		};
		0EB826C92918E0F200CA626A /* Repository */ = {
			isa = PBXGroup;
			children = (
			);
			path = Repository;
			sourceTree = "<group>";
		};
		0EB826CA2918E10B00CA626A /* Model */ = {
			isa = PBXGroup;
			children = (
			);
			path = Model;
			sourceTree = "<group>";
		};
		0EB826CB2918E11300CA626A /* Extension */ = {
			isa = PBXGroup;
			children = (
				0EB82717291A46B100CA626A /* UILabel+Extension.swift */,
				0EAE3332291B722F00AA4FE6 /* UITextField+Extension.swift */,
			);
			path = Extension;
			sourceTree = "<group>";
		};
		0EB826CC2918E12100CA626A /* Cell */ = {
			isa = PBXGroup;
			children = (
				0EB8271B291A4DB400CA626A /* OnBoardingCell */,
			);
			path = Cell;
			sourceTree = "<group>";
		};
		0EB826CD2918E12F00CA626A /* Enum */ = {
			isa = PBXGroup;
			children = (
				0EB826E229191D2000CA626A /* SDSSelectButton.swift */,
				0EB8270B291A2CAD00CA626A /* TabBarItem.swift */,
				0EAE3330291B6AAF00AA4FE6 /* Certification.swift */,
			);
			path = Enum;
			sourceTree = "<group>";
		};
		0EB826CE2918E13E00CA626A /* Font */ = {
			isa = PBXGroup;
			children = (
				0EB826E52919214900CA626A /* NotoSansKR-Medium.otf */,
				0EB826E42919214900CA626A /* NotoSansKR-Regular.otf */,
			);
			path = Font;
			sourceTree = "<group>";
		};
		0EB826CF2918E1B900CA626A /* Base */ = {
			isa = PBXGroup;
			children = (
				0EB826D02918E1C900CA626A /* BaseViewController.swift */,
				0EB826D22918E29500CA626A /* BaseView.swift */,
				0EB826D42918E2C600CA626A /* BaseCollectionViewCell.swift */,
			);
			path = Base;
			sourceTree = "<group>";
		};
		0EB826D62918E2E400CA626A /* Constants */ = {
			isa = PBXGroup;
			children = (
				0EB826D92918E2E400CA626A /* Font.swift */,
				0EB826DA2918E2E400CA626A /* Color.swift */,
			);
			path = Constants;
			sourceTree = "<group>";
		};
		0EB826DF2918F31D00CA626A /* Custom */ = {
			isa = PBXGroup;
			children = (
				0EB826E02918F42200CA626A /* SelectButton.swift */,
				0EB826E8291932E500CA626A /* keywordButton.swift */,
				0EB82719291A486300CA626A /* LineHeightLabel.swift */,
			);
			path = Custom;
			sourceTree = "<group>";
		};
		0EB826EC29193AE100CA626A /* Coordinator */ = {
			isa = PBXGroup;
			children = (
				0EB826FE2919F7F400CA626A /* BaseCoordinatorContext.swift */,
				0EB826ED29193B3600CA626A /* Coordinator.swift */,
				0EB827002919F86900CA626A /* AppCoordinator */,
				0EB827012919F89100CA626A /* OnBoardingCoordinator */,
				0EB827022919F89E00CA626A /* CertificationCoordinator */,
				0EB827032919F8AA00CA626A /* MainCoordinator */,
				0EB82712291A31E900CA626A /* HomeCoordinator */,
			);
			path = Coordinator;
			sourceTree = "<group>";
		};
		0EB826F12919668900CA626A /* Onboarding */ = {
			isa = PBXGroup;
			children = (
				0EB826F6291966E500CA626A /* OnBoardingViewController.swift */,
			);
			path = Onboarding;
			sourceTree = "<group>";
		};
		0EB826F22919669600CA626A /* Certification */ = {
			isa = PBXGroup;
			children = (
				0EB82706291A28E400CA626A /* CertificationViewController.swift */,
			);
			path = Certification;
			sourceTree = "<group>";
		};
		0EB827002919F86900CA626A /* AppCoordinator */ = {
			isa = PBXGroup;
			children = (
				0EB826EF29193CE800CA626A /* AppCoordinator.swift */,
				0EB82721291A88B000CA626A /* AppCoordinatorContext.swift */,
			);
			path = AppCoordinator;
			sourceTree = "<group>";
		};
		0EB827012919F89100CA626A /* OnBoardingCoordinator */ = {
			isa = PBXGroup;
			children = (
				0EB826F82919736500CA626A /* OnBoardingCoordinator.swift */,
				0EB82704291A265700CA626A /* OnBoardingCoordinatorContext.swift */,
			);
			path = OnBoardingCoordinator;
			sourceTree = "<group>";
		};
		0EB827022919F89E00CA626A /* CertificationCoordinator */ = {
			isa = PBXGroup;
			children = (
				0EB826FA2919736F00CA626A /* CertificationCoordinator.swift */,
				0EB82708291A299A00CA626A /* CertificationCoordinatorContext.swift */,
			);
			path = CertificationCoordinator;
			sourceTree = "<group>";
		};
		0EB827032919F8AA00CA626A /* MainCoordinator */ = {
			isa = PBXGroup;
			children = (
				0EB826FC2919737B00CA626A /* MainCoordinator.swift */,
				0EB8270D291A2E5E00CA626A /* MainCoordinatorContext.swift */,
			);
			path = MainCoordinator;
			sourceTree = "<group>";
		};
		0EB8270A291A2B0000CA626A /* Tabbar */ = {
			isa = PBXGroup;
			children = (
				0EB826F4291966C900CA626A /* TabbarViewController.swift */,
			);
			path = Tabbar;
			sourceTree = "<group>";
		};
		0EB8270F291A319F00CA626A /* Home */ = {
			isa = PBXGroup;
			children = (
				0EB82710291A31B500CA626A /* HomeViewController.swift */,
			);
			path = Home;
			sourceTree = "<group>";
		};
		0EB82712291A31E900CA626A /* HomeCoordinator */ = {
			isa = PBXGroup;
			children = (
				0EB82713291A320F00CA626A /* HomeCoordinator.swift */,
				0EB82715291A328800CA626A /* HomeCoordinatorContext.swift */,
			);
			path = HomeCoordinator;
			sourceTree = "<group>";
		};
		0EB8271B291A4DB400CA626A /* OnBoardingCell */ = {
			isa = PBXGroup;
			children = (
				0EB8271C291A4DC800CA626A /* OnBoardingCollectionViewCell.swift */,
			);
			path = OnBoardingCell;
			sourceTree = "<group>";
		};
		0EB8271E291A745B00CA626A /* OnBoarding */ = {
			isa = PBXGroup;
			children = (
			);
			path = OnBoarding;
			sourceTree = "<group>";
		};
		337E82F4AEEF8310B9651173 /* Pods */ = {
			isa = PBXGroup;
			children = (
				A971A89E97159664AC055E40 /* Pods-StudyMate.debug.xcconfig */,
				2368E47E329355D01685A4EA /* Pods-StudyMate.release.xcconfig */,
				12585CB0DD1706A6930D932D /* Pods-StudyMate-StudyMateUITests.debug.xcconfig */,
				71631DE532A30A31D5301870 /* Pods-StudyMate-StudyMateUITests.release.xcconfig */,
				2D0C744CB33BD32236B9EAC0 /* Pods-StudyMateTests.debug.xcconfig */,
				C09E86A79850C527F9BC0EBE /* Pods-StudyMateTests.release.xcconfig */,
			);
			path = Pods;
			sourceTree = "<group>";
		};
/* End PBXGroup section */

/* Begin PBXNativeTarget section */
		0EB8268E2918B4AF00CA626A /* StudyMate */ = {
			isa = PBXNativeTarget;
			buildConfigurationList = 0EB826B92918B4B100CA626A /* Build configuration list for PBXNativeTarget "StudyMate" */;
			buildPhases = (
				95E290C0A780F96126F5299C /* [CP] Check Pods Manifest.lock */,
				0EB8268B2918B4AF00CA626A /* Sources */,
				0EB8268C2918B4AF00CA626A /* Frameworks */,
				0EB8268D2918B4AF00CA626A /* Resources */,
				68F820C26DBFA7E396D8F4A0 /* [CP] Embed Pods Frameworks */,
			);
			buildRules = (
			);
			dependencies = (
			);
			name = StudyMate;
			productName = StudyMate;
			productReference = 0EB8268F2918B4AF00CA626A /* StudyMate.app */;
			productType = "com.apple.product-type.application";
		};
		0EB826A42918B4B100CA626A /* StudyMateTests */ = {
			isa = PBXNativeTarget;
			buildConfigurationList = 0EB826BC2918B4B100CA626A /* Build configuration list for PBXNativeTarget "StudyMateTests" */;
			buildPhases = (
				1562D4353CF84B0AFE6A6107 /* [CP] Check Pods Manifest.lock */,
				0EB826A12918B4B100CA626A /* Sources */,
				0EB826A22918B4B100CA626A /* Frameworks */,
				0EB826A32918B4B100CA626A /* Resources */,
			);
			buildRules = (
			);
			dependencies = (
				0EB826A72918B4B100CA626A /* PBXTargetDependency */,
			);
			name = StudyMateTests;
			productName = StudyMateTests;
			productReference = 0EB826A52918B4B100CA626A /* StudyMateTests.xctest */;
			productType = "com.apple.product-type.bundle.unit-test";
		};
		0EB826AE2918B4B100CA626A /* StudyMateUITests */ = {
			isa = PBXNativeTarget;
			buildConfigurationList = 0EB826BF2918B4B100CA626A /* Build configuration list for PBXNativeTarget "StudyMateUITests" */;
			buildPhases = (
				AF8727E274576B391A51829C /* [CP] Check Pods Manifest.lock */,
				0EB826AB2918B4B100CA626A /* Sources */,
				0EB826AC2918B4B100CA626A /* Frameworks */,
				0EB826AD2918B4B100CA626A /* Resources */,
				10D590FD334921E3FA498694 /* [CP] Embed Pods Frameworks */,
			);
			buildRules = (
			);
			dependencies = (
				0EB826B12918B4B100CA626A /* PBXTargetDependency */,
			);
			name = StudyMateUITests;
			productName = StudyMateUITests;
			productReference = 0EB826AF2918B4B100CA626A /* StudyMateUITests.xctest */;
			productType = "com.apple.product-type.bundle.ui-testing";
		};
/* End PBXNativeTarget section */

/* Begin PBXProject section */
		0EB826872918B4AF00CA626A /* Project object */ = {
			isa = PBXProject;
			attributes = {
				BuildIndependentTargetsInParallel = 1;
				LastSwiftUpdateCheck = 1410;
				LastUpgradeCheck = 1410;
				TargetAttributes = {
					0EB8268E2918B4AF00CA626A = {
						CreatedOnToolsVersion = 14.1;
					};
					0EB826A42918B4B100CA626A = {
						CreatedOnToolsVersion = 14.1;
						TestTargetID = 0EB8268E2918B4AF00CA626A;
					};
					0EB826AE2918B4B100CA626A = {
						CreatedOnToolsVersion = 14.1;
						TestTargetID = 0EB8268E2918B4AF00CA626A;
					};
				};
			};
			buildConfigurationList = 0EB8268A2918B4AF00CA626A /* Build configuration list for PBXProject "StudyMate" */;
			compatibilityVersion = "Xcode 14.0";
			developmentRegion = en;
			hasScannedForEncodings = 0;
			knownRegions = (
				en,
				Base,
			);
			mainGroup = 0EB826862918B4AF00CA626A;
			productRefGroup = 0EB826902918B4AF00CA626A /* Products */;
			projectDirPath = "";
			projectRoot = "";
			targets = (
				0EB8268E2918B4AF00CA626A /* StudyMate */,
				0EB826A42918B4B100CA626A /* StudyMateTests */,
				0EB826AE2918B4B100CA626A /* StudyMateUITests */,
			);
		};
/* End PBXProject section */

/* Begin PBXResourcesBuildPhase section */
		0EB8268D2918B4AF00CA626A /* Resources */ = {
			isa = PBXResourcesBuildPhase;
			buildActionMask = 2147483647;
			files = (
				0EB8269F2918B4B000CA626A /* LaunchScreen.storyboard in Resources */,
				0EB8269C2918B4B000CA626A /* Assets.xcassets in Resources */,
				0EB826E72919214900CA626A /* NotoSansKR-Medium.otf in Resources */,
				0EB826E62919214900CA626A /* NotoSansKR-Regular.otf in Resources */,
				0EB8269A2918B4AF00CA626A /* Main.storyboard in Resources */,
			);
			runOnlyForDeploymentPostprocessing = 0;
		};
		0EB826A32918B4B100CA626A /* Resources */ = {
			isa = PBXResourcesBuildPhase;
			buildActionMask = 2147483647;
			files = (
			);
			runOnlyForDeploymentPostprocessing = 0;
		};
		0EB826AD2918B4B100CA626A /* Resources */ = {
			isa = PBXResourcesBuildPhase;
			buildActionMask = 2147483647;
			files = (
			);
			runOnlyForDeploymentPostprocessing = 0;
		};
/* End PBXResourcesBuildPhase section */

/* Begin PBXShellScriptBuildPhase section */
		10D590FD334921E3FA498694 /* [CP] Embed Pods Frameworks */ = {
			isa = PBXShellScriptBuildPhase;
			buildActionMask = 2147483647;
			files = (
			);
			inputFileListPaths = (
				"${PODS_ROOT}/Target Support Files/Pods-StudyMate-StudyMateUITests/Pods-StudyMate-StudyMateUITests-frameworks-${CONFIGURATION}-input-files.xcfilelist",
			);
			name = "[CP] Embed Pods Frameworks";
			outputFileListPaths = (
				"${PODS_ROOT}/Target Support Files/Pods-StudyMate-StudyMateUITests/Pods-StudyMate-StudyMateUITests-frameworks-${CONFIGURATION}-output-files.xcfilelist",
			);
			runOnlyForDeploymentPostprocessing = 0;
			shellPath = /bin/sh;
			shellScript = "\"${PODS_ROOT}/Target Support Files/Pods-StudyMate-StudyMateUITests/Pods-StudyMate-StudyMateUITests-frameworks.sh\"\n";
			showEnvVarsInLog = 0;
		};
		1562D4353CF84B0AFE6A6107 /* [CP] Check Pods Manifest.lock */ = {
			isa = PBXShellScriptBuildPhase;
			buildActionMask = 2147483647;
			files = (
			);
			inputFileListPaths = (
			);
			inputPaths = (
				"${PODS_PODFILE_DIR_PATH}/Podfile.lock",
				"${PODS_ROOT}/Manifest.lock",
			);
			name = "[CP] Check Pods Manifest.lock";
			outputFileListPaths = (
			);
			outputPaths = (
				"$(DERIVED_FILE_DIR)/Pods-StudyMateTests-checkManifestLockResult.txt",
			);
			runOnlyForDeploymentPostprocessing = 0;
			shellPath = /bin/sh;
			shellScript = "diff \"${PODS_PODFILE_DIR_PATH}/Podfile.lock\" \"${PODS_ROOT}/Manifest.lock\" > /dev/null\nif [ $? != 0 ] ; then\n    # print error to STDERR\n    echo \"error: The sandbox is not in sync with the Podfile.lock. Run 'pod install' or update your CocoaPods installation.\" >&2\n    exit 1\nfi\n# This output is used by Xcode 'outputs' to avoid re-running this script phase.\necho \"SUCCESS\" > \"${SCRIPT_OUTPUT_FILE_0}\"\n";
			showEnvVarsInLog = 0;
		};
		68F820C26DBFA7E396D8F4A0 /* [CP] Embed Pods Frameworks */ = {
			isa = PBXShellScriptBuildPhase;
			buildActionMask = 2147483647;
			files = (
			);
			inputFileListPaths = (
				"${PODS_ROOT}/Target Support Files/Pods-StudyMate/Pods-StudyMate-frameworks-${CONFIGURATION}-input-files.xcfilelist",
			);
			name = "[CP] Embed Pods Frameworks";
			outputFileListPaths = (
				"${PODS_ROOT}/Target Support Files/Pods-StudyMate/Pods-StudyMate-frameworks-${CONFIGURATION}-output-files.xcfilelist",
			);
			runOnlyForDeploymentPostprocessing = 0;
			shellPath = /bin/sh;
			shellScript = "\"${PODS_ROOT}/Target Support Files/Pods-StudyMate/Pods-StudyMate-frameworks.sh\"\n";
			showEnvVarsInLog = 0;
		};
		95E290C0A780F96126F5299C /* [CP] Check Pods Manifest.lock */ = {
			isa = PBXShellScriptBuildPhase;
			buildActionMask = 2147483647;
			files = (
			);
			inputFileListPaths = (
			);
			inputPaths = (
				"${PODS_PODFILE_DIR_PATH}/Podfile.lock",
				"${PODS_ROOT}/Manifest.lock",
			);
			name = "[CP] Check Pods Manifest.lock";
			outputFileListPaths = (
			);
			outputPaths = (
				"$(DERIVED_FILE_DIR)/Pods-StudyMate-checkManifestLockResult.txt",
			);
			runOnlyForDeploymentPostprocessing = 0;
			shellPath = /bin/sh;
			shellScript = "diff \"${PODS_PODFILE_DIR_PATH}/Podfile.lock\" \"${PODS_ROOT}/Manifest.lock\" > /dev/null\nif [ $? != 0 ] ; then\n    # print error to STDERR\n    echo \"error: The sandbox is not in sync with the Podfile.lock. Run 'pod install' or update your CocoaPods installation.\" >&2\n    exit 1\nfi\n# This output is used by Xcode 'outputs' to avoid re-running this script phase.\necho \"SUCCESS\" > \"${SCRIPT_OUTPUT_FILE_0}\"\n";
			showEnvVarsInLog = 0;
		};
		AF8727E274576B391A51829C /* [CP] Check Pods Manifest.lock */ = {
			isa = PBXShellScriptBuildPhase;
			buildActionMask = 2147483647;
			files = (
			);
			inputFileListPaths = (
			);
			inputPaths = (
				"${PODS_PODFILE_DIR_PATH}/Podfile.lock",
				"${PODS_ROOT}/Manifest.lock",
			);
			name = "[CP] Check Pods Manifest.lock";
			outputFileListPaths = (
			);
			outputPaths = (
				"$(DERIVED_FILE_DIR)/Pods-StudyMate-StudyMateUITests-checkManifestLockResult.txt",
			);
			runOnlyForDeploymentPostprocessing = 0;
			shellPath = /bin/sh;
			shellScript = "diff \"${PODS_PODFILE_DIR_PATH}/Podfile.lock\" \"${PODS_ROOT}/Manifest.lock\" > /dev/null\nif [ $? != 0 ] ; then\n    # print error to STDERR\n    echo \"error: The sandbox is not in sync with the Podfile.lock. Run 'pod install' or update your CocoaPods installation.\" >&2\n    exit 1\nfi\n# This output is used by Xcode 'outputs' to avoid re-running this script phase.\necho \"SUCCESS\" > \"${SCRIPT_OUTPUT_FILE_0}\"\n";
			showEnvVarsInLog = 0;
		};
/* End PBXShellScriptBuildPhase section */

/* Begin PBXSourcesBuildPhase section */
		0EB8268B2918B4AF00CA626A /* Sources */ = {
			isa = PBXSourcesBuildPhase;
			buildActionMask = 2147483647;
			files = (
				0EB8271D291A4DC800CA626A /* OnBoardingCollectionViewCell.swift in Sources */,
				0EB82711291A31B500CA626A /* HomeViewController.swift in Sources */,
				0EB826FF2919F7F400CA626A /* BaseCoordinatorContext.swift in Sources */,
				0EB826FB2919736F00CA626A /* CertificationCoordinator.swift in Sources */,
				0EB826E12918F42200CA626A /* SelectButton.swift in Sources */,
				0EB826F5291966C900CA626A /* TabbarViewController.swift in Sources */,
				0EAE3333291B722F00AA4FE6 /* UITextField+Extension.swift in Sources */,
				0EB8271A291A486300CA626A /* LineHeightLabel.swift in Sources */,
				0EB8270C291A2CAD00CA626A /* TabBarItem.swift in Sources */,
				0EB82716291A328800CA626A /* HomeCoordinatorContext.swift in Sources */,
				0EB82707291A28E400CA626A /* CertificationViewController.swift in Sources */,
				0EB826F029193CE800CA626A /* AppCoordinator.swift in Sources */,
				0EB826D12918E1C900CA626A /* BaseViewController.swift in Sources */,
				0EB826DE2918E2E400CA626A /* Color.swift in Sources */,
				0EB82709291A299A00CA626A /* CertificationCoordinatorContext.swift in Sources */,
				0EB826FD2919737B00CA626A /* MainCoordinator.swift in Sources */,
				0EB826E9291932E500CA626A /* keywordButton.swift in Sources */,
				0EB826E329191D2000CA626A /* SDSSelectButton.swift in Sources */,
				0EB826D32918E29500CA626A /* BaseView.swift in Sources */,
				0EAE3331291B6AAF00AA4FE6 /* Certification.swift in Sources */,
				0EB826F7291966E500CA626A /* OnBoardingViewController.swift in Sources */,
				0EB82718291A46B100CA626A /* UILabel+Extension.swift in Sources */,
				0EB826932918B4AF00CA626A /* AppDelegate.swift in Sources */,
				0EB826EE29193B3600CA626A /* Coordinator.swift in Sources */,
				0EB826DD2918E2E400CA626A /* Font.swift in Sources */,
				0EB82722291A88B000CA626A /* AppCoordinatorContext.swift in Sources */,
				0EB826F92919736500CA626A /* OnBoardingCoordinator.swift in Sources */,
				0EB82714291A320F00CA626A /* HomeCoordinator.swift in Sources */,
				0EB82705291A265700CA626A /* OnBoardingCoordinatorContext.swift in Sources */,
				0EB8270E291A2E5E00CA626A /* MainCoordinatorContext.swift in Sources */,
				0EB82720291A746F00CA626A /* OnBoardingViewModel.swift in Sources */,
				0EB826952918B4AF00CA626A /* SceneDelegate.swift in Sources */,
				0EB826D52918E2C600CA626A /* BaseCollectionViewCell.swift in Sources */,
			);
			runOnlyForDeploymentPostprocessing = 0;
		};
		0EB826A12918B4B100CA626A /* Sources */ = {
			isa = PBXSourcesBuildPhase;
			buildActionMask = 2147483647;
			files = (
				0EB826AA2918B4B100CA626A /* StudyMateTests.swift in Sources */,
			);
			runOnlyForDeploymentPostprocessing = 0;
		};
		0EB826AB2918B4B100CA626A /* Sources */ = {
			isa = PBXSourcesBuildPhase;
			buildActionMask = 2147483647;
			files = (
				0EB826B42918B4B100CA626A /* StudyMateUITests.swift in Sources */,
				0EB826B62918B4B100CA626A /* StudyMateUITestsLaunchTests.swift in Sources */,
			);
			runOnlyForDeploymentPostprocessing = 0;
		};
/* End PBXSourcesBuildPhase section */

/* Begin PBXTargetDependency section */
		0EB826A72918B4B100CA626A /* PBXTargetDependency */ = {
			isa = PBXTargetDependency;
			target = 0EB8268E2918B4AF00CA626A /* StudyMate */;
			targetProxy = 0EB826A62918B4B100CA626A /* PBXContainerItemProxy */;
		};
		0EB826B12918B4B100CA626A /* PBXTargetDependency */ = {
			isa = PBXTargetDependency;
			target = 0EB8268E2918B4AF00CA626A /* StudyMate */;
			targetProxy = 0EB826B02918B4B100CA626A /* PBXContainerItemProxy */;
		};
/* End PBXTargetDependency section */

/* Begin PBXVariantGroup section */
		0EB826982918B4AF00CA626A /* Main.storyboard */ = {
			isa = PBXVariantGroup;
			children = (
				0EB826992918B4AF00CA626A /* Base */,
			);
			name = Main.storyboard;
			sourceTree = "<group>";
		};
		0EB8269D2918B4B000CA626A /* LaunchScreen.storyboard */ = {
			isa = PBXVariantGroup;
			children = (
				0EB8269E2918B4B000CA626A /* Base */,
			);
			name = LaunchScreen.storyboard;
			sourceTree = "<group>";
		};
/* End PBXVariantGroup section */

/* Begin XCBuildConfiguration section */
		0EB826B72918B4B100CA626A /* Debug */ = {
			isa = XCBuildConfiguration;
			buildSettings = {
				ALWAYS_SEARCH_USER_PATHS = NO;
				CLANG_ANALYZER_NONNULL = YES;
				CLANG_ANALYZER_NUMBER_OBJECT_CONVERSION = YES_AGGRESSIVE;
				CLANG_CXX_LANGUAGE_STANDARD = "gnu++20";
				CLANG_ENABLE_MODULES = YES;
				CLANG_ENABLE_OBJC_ARC = YES;
				CLANG_ENABLE_OBJC_WEAK = YES;
				CLANG_WARN_BLOCK_CAPTURE_AUTORELEASING = YES;
				CLANG_WARN_BOOL_CONVERSION = YES;
				CLANG_WARN_COMMA = YES;
				CLANG_WARN_CONSTANT_CONVERSION = YES;
				CLANG_WARN_DEPRECATED_OBJC_IMPLEMENTATIONS = YES;
				CLANG_WARN_DIRECT_OBJC_ISA_USAGE = YES_ERROR;
				CLANG_WARN_DOCUMENTATION_COMMENTS = YES;
				CLANG_WARN_EMPTY_BODY = YES;
				CLANG_WARN_ENUM_CONVERSION = YES;
				CLANG_WARN_INFINITE_RECURSION = YES;
				CLANG_WARN_INT_CONVERSION = YES;
				CLANG_WARN_NON_LITERAL_NULL_CONVERSION = YES;
				CLANG_WARN_OBJC_IMPLICIT_RETAIN_SELF = YES;
				CLANG_WARN_OBJC_LITERAL_CONVERSION = YES;
				CLANG_WARN_OBJC_ROOT_CLASS = YES_ERROR;
				CLANG_WARN_QUOTED_INCLUDE_IN_FRAMEWORK_HEADER = YES;
				CLANG_WARN_RANGE_LOOP_ANALYSIS = YES;
				CLANG_WARN_STRICT_PROTOTYPES = YES;
				CLANG_WARN_SUSPICIOUS_MOVE = YES;
				CLANG_WARN_UNGUARDED_AVAILABILITY = YES_AGGRESSIVE;
				CLANG_WARN_UNREACHABLE_CODE = YES;
				CLANG_WARN__DUPLICATE_METHOD_MATCH = YES;
				COPY_PHASE_STRIP = NO;
				DEBUG_INFORMATION_FORMAT = dwarf;
				ENABLE_STRICT_OBJC_MSGSEND = YES;
				ENABLE_TESTABILITY = YES;
				GCC_C_LANGUAGE_STANDARD = gnu11;
				GCC_DYNAMIC_NO_PIC = NO;
				GCC_NO_COMMON_BLOCKS = YES;
				GCC_OPTIMIZATION_LEVEL = 0;
				GCC_PREPROCESSOR_DEFINITIONS = (
					"DEBUG=1",
					"$(inherited)",
				);
				GCC_WARN_64_TO_32_BIT_CONVERSION = YES;
				GCC_WARN_ABOUT_RETURN_TYPE = YES_ERROR;
				GCC_WARN_UNDECLARED_SELECTOR = YES;
				GCC_WARN_UNINITIALIZED_AUTOS = YES_AGGRESSIVE;
				GCC_WARN_UNUSED_FUNCTION = YES;
				GCC_WARN_UNUSED_VARIABLE = YES;
				IPHONEOS_DEPLOYMENT_TARGET = 15.0;
				MTL_ENABLE_DEBUG_INFO = INCLUDE_SOURCE;
				MTL_FAST_MATH = YES;
				ONLY_ACTIVE_ARCH = YES;
				SDKROOT = iphoneos;
				SWIFT_ACTIVE_COMPILATION_CONDITIONS = DEBUG;
				SWIFT_OPTIMIZATION_LEVEL = "-Onone";
			};
			name = Debug;
		};
		0EB826B82918B4B100CA626A /* Release */ = {
			isa = XCBuildConfiguration;
			buildSettings = {
				ALWAYS_SEARCH_USER_PATHS = NO;
				CLANG_ANALYZER_NONNULL = YES;
				CLANG_ANALYZER_NUMBER_OBJECT_CONVERSION = YES_AGGRESSIVE;
				CLANG_CXX_LANGUAGE_STANDARD = "gnu++20";
				CLANG_ENABLE_MODULES = YES;
				CLANG_ENABLE_OBJC_ARC = YES;
				CLANG_ENABLE_OBJC_WEAK = YES;
				CLANG_WARN_BLOCK_CAPTURE_AUTORELEASING = YES;
				CLANG_WARN_BOOL_CONVERSION = YES;
				CLANG_WARN_COMMA = YES;
				CLANG_WARN_CONSTANT_CONVERSION = YES;
				CLANG_WARN_DEPRECATED_OBJC_IMPLEMENTATIONS = YES;
				CLANG_WARN_DIRECT_OBJC_ISA_USAGE = YES_ERROR;
				CLANG_WARN_DOCUMENTATION_COMMENTS = YES;
				CLANG_WARN_EMPTY_BODY = YES;
				CLANG_WARN_ENUM_CONVERSION = YES;
				CLANG_WARN_INFINITE_RECURSION = YES;
				CLANG_WARN_INT_CONVERSION = YES;
				CLANG_WARN_NON_LITERAL_NULL_CONVERSION = YES;
				CLANG_WARN_OBJC_IMPLICIT_RETAIN_SELF = YES;
				CLANG_WARN_OBJC_LITERAL_CONVERSION = YES;
				CLANG_WARN_OBJC_ROOT_CLASS = YES_ERROR;
				CLANG_WARN_QUOTED_INCLUDE_IN_FRAMEWORK_HEADER = YES;
				CLANG_WARN_RANGE_LOOP_ANALYSIS = YES;
				CLANG_WARN_STRICT_PROTOTYPES = YES;
				CLANG_WARN_SUSPICIOUS_MOVE = YES;
				CLANG_WARN_UNGUARDED_AVAILABILITY = YES_AGGRESSIVE;
				CLANG_WARN_UNREACHABLE_CODE = YES;
				CLANG_WARN__DUPLICATE_METHOD_MATCH = YES;
				COPY_PHASE_STRIP = NO;
				DEBUG_INFORMATION_FORMAT = "dwarf-with-dsym";
				ENABLE_NS_ASSERTIONS = NO;
				ENABLE_STRICT_OBJC_MSGSEND = YES;
				GCC_C_LANGUAGE_STANDARD = gnu11;
				GCC_NO_COMMON_BLOCKS = YES;
				GCC_WARN_64_TO_32_BIT_CONVERSION = YES;
				GCC_WARN_ABOUT_RETURN_TYPE = YES_ERROR;
				GCC_WARN_UNDECLARED_SELECTOR = YES;
				GCC_WARN_UNINITIALIZED_AUTOS = YES_AGGRESSIVE;
				GCC_WARN_UNUSED_FUNCTION = YES;
				GCC_WARN_UNUSED_VARIABLE = YES;
				IPHONEOS_DEPLOYMENT_TARGET = 15.0;
				MTL_ENABLE_DEBUG_INFO = NO;
				MTL_FAST_MATH = YES;
				SDKROOT = iphoneos;
				SWIFT_COMPILATION_MODE = wholemodule;
				SWIFT_OPTIMIZATION_LEVEL = "-O";
				VALIDATE_PRODUCT = YES;
			};
			name = Release;
		};
		0EB826BA2918B4B100CA626A /* Debug */ = {
			isa = XCBuildConfiguration;
			baseConfigurationReference = A971A89E97159664AC055E40 /* Pods-StudyMate.debug.xcconfig */;
			buildSettings = {
				ASSETCATALOG_COMPILER_APPICON_NAME = AppIcon;
				ASSETCATALOG_COMPILER_GLOBAL_ACCENT_COLOR_NAME = AccentColor;
				CODE_SIGN_STYLE = Automatic;
				CURRENT_PROJECT_VERSION = 1;
				DEVELOPMENT_TEAM = 966AMBK56G;
				GENERATE_INFOPLIST_FILE = YES;
				INFOPLIST_FILE = StudyMate/Resource/Info.plist;
				INFOPLIST_KEY_UIApplicationSupportsIndirectInputEvents = YES;
				INFOPLIST_KEY_UILaunchStoryboardName = LaunchScreen;
				INFOPLIST_KEY_UISupportedInterfaceOrientations_iPad = "UIInterfaceOrientationPortrait UIInterfaceOrientationPortraitUpsideDown UIInterfaceOrientationLandscapeLeft UIInterfaceOrientationLandscapeRight";
				INFOPLIST_KEY_UISupportedInterfaceOrientations_iPhone = "UIInterfaceOrientationPortrait UIInterfaceOrientationLandscapeLeft UIInterfaceOrientationLandscapeRight";
				IPHONEOS_DEPLOYMENT_TARGET = 15.0;
				LD_RUNPATH_SEARCH_PATHS = (
					"$(inherited)",
					"@executable_path/Frameworks",
				);
				MARKETING_VERSION = 1.0;
				PRODUCT_BUNDLE_IDENTIFIER = com.hwanghooo.StudyMate;
				PRODUCT_NAME = "$(TARGET_NAME)";
				SUPPORTED_PLATFORMS = "iphoneos iphonesimulator";
				SUPPORTS_MACCATALYST = NO;
				SUPPORTS_MAC_DESIGNED_FOR_IPHONE_IPAD = NO;
				SWIFT_EMIT_LOC_STRINGS = YES;
				SWIFT_VERSION = 5.0;
				TARGETED_DEVICE_FAMILY = "1,2";
			};
			name = Debug;
		};
		0EB826BB2918B4B100CA626A /* Release */ = {
			isa = XCBuildConfiguration;
			baseConfigurationReference = 2368E47E329355D01685A4EA /* Pods-StudyMate.release.xcconfig */;
			buildSettings = {
				ASSETCATALOG_COMPILER_APPICON_NAME = AppIcon;
				ASSETCATALOG_COMPILER_GLOBAL_ACCENT_COLOR_NAME = AccentColor;
				CODE_SIGN_STYLE = Automatic;
				CURRENT_PROJECT_VERSION = 1;
				DEVELOPMENT_TEAM = 966AMBK56G;
				GENERATE_INFOPLIST_FILE = YES;
				INFOPLIST_FILE = StudyMate/Resource/Info.plist;
				INFOPLIST_KEY_UIApplicationSupportsIndirectInputEvents = YES;
				INFOPLIST_KEY_UILaunchStoryboardName = LaunchScreen;
				INFOPLIST_KEY_UISupportedInterfaceOrientations_iPad = "UIInterfaceOrientationPortrait UIInterfaceOrientationPortraitUpsideDown UIInterfaceOrientationLandscapeLeft UIInterfaceOrientationLandscapeRight";
				INFOPLIST_KEY_UISupportedInterfaceOrientations_iPhone = "UIInterfaceOrientationPortrait UIInterfaceOrientationLandscapeLeft UIInterfaceOrientationLandscapeRight";
				IPHONEOS_DEPLOYMENT_TARGET = 15.0;
				LD_RUNPATH_SEARCH_PATHS = (
					"$(inherited)",
					"@executable_path/Frameworks",
				);
				MARKETING_VERSION = 1.0;
				PRODUCT_BUNDLE_IDENTIFIER = com.hwanghooo.StudyMate;
				PRODUCT_NAME = "$(TARGET_NAME)";
				SUPPORTED_PLATFORMS = "iphoneos iphonesimulator";
				SUPPORTS_MACCATALYST = NO;
				SUPPORTS_MAC_DESIGNED_FOR_IPHONE_IPAD = NO;
				SWIFT_EMIT_LOC_STRINGS = YES;
				SWIFT_VERSION = 5.0;
				TARGETED_DEVICE_FAMILY = "1,2";
			};
			name = Release;
		};
		0EB826BD2918B4B100CA626A /* Debug */ = {
			isa = XCBuildConfiguration;
			baseConfigurationReference = 2D0C744CB33BD32236B9EAC0 /* Pods-StudyMateTests.debug.xcconfig */;
			buildSettings = {
				ALWAYS_EMBED_SWIFT_STANDARD_LIBRARIES = YES;
				BUNDLE_LOADER = "$(TEST_HOST)";
				CODE_SIGN_STYLE = Automatic;
				CURRENT_PROJECT_VERSION = 1;
				DEVELOPMENT_TEAM = 966AMBK56G;
				GENERATE_INFOPLIST_FILE = YES;
				IPHONEOS_DEPLOYMENT_TARGET = 16.1;
				MARKETING_VERSION = 1.0;
				PRODUCT_BUNDLE_IDENTIFIER = com.hwanghooo.StudyMateTests;
				PRODUCT_NAME = "$(TARGET_NAME)";
				SWIFT_EMIT_LOC_STRINGS = NO;
				SWIFT_VERSION = 5.0;
				TARGETED_DEVICE_FAMILY = "1,2";
				TEST_HOST = "$(BUILT_PRODUCTS_DIR)/StudyMate.app/$(BUNDLE_EXECUTABLE_FOLDER_PATH)/StudyMate";
			};
			name = Debug;
		};
		0EB826BE2918B4B100CA626A /* Release */ = {
			isa = XCBuildConfiguration;
			baseConfigurationReference = C09E86A79850C527F9BC0EBE /* Pods-StudyMateTests.release.xcconfig */;
			buildSettings = {
				ALWAYS_EMBED_SWIFT_STANDARD_LIBRARIES = YES;
				BUNDLE_LOADER = "$(TEST_HOST)";
				CODE_SIGN_STYLE = Automatic;
				CURRENT_PROJECT_VERSION = 1;
				DEVELOPMENT_TEAM = 966AMBK56G;
				GENERATE_INFOPLIST_FILE = YES;
				IPHONEOS_DEPLOYMENT_TARGET = 16.1;
				MARKETING_VERSION = 1.0;
				PRODUCT_BUNDLE_IDENTIFIER = com.hwanghooo.StudyMateTests;
				PRODUCT_NAME = "$(TARGET_NAME)";
				SWIFT_EMIT_LOC_STRINGS = NO;
				SWIFT_VERSION = 5.0;
				TARGETED_DEVICE_FAMILY = "1,2";
				TEST_HOST = "$(BUILT_PRODUCTS_DIR)/StudyMate.app/$(BUNDLE_EXECUTABLE_FOLDER_PATH)/StudyMate";
			};
			name = Release;
		};
		0EB826C02918B4B100CA626A /* Debug */ = {
			isa = XCBuildConfiguration;
			baseConfigurationReference = 12585CB0DD1706A6930D932D /* Pods-StudyMate-StudyMateUITests.debug.xcconfig */;
			buildSettings = {
				ALWAYS_EMBED_SWIFT_STANDARD_LIBRARIES = YES;
				CODE_SIGN_STYLE = Automatic;
				CURRENT_PROJECT_VERSION = 1;
				DEVELOPMENT_TEAM = 966AMBK56G;
				GENERATE_INFOPLIST_FILE = YES;
				MARKETING_VERSION = 1.0;
				PRODUCT_BUNDLE_IDENTIFIER = com.hwanghooo.StudyMateUITests;
				PRODUCT_NAME = "$(TARGET_NAME)";
				SWIFT_EMIT_LOC_STRINGS = NO;
				SWIFT_VERSION = 5.0;
				TARGETED_DEVICE_FAMILY = "1,2";
				TEST_TARGET_NAME = StudyMate;
			};
			name = Debug;
		};
		0EB826C12918B4B100CA626A /* Release */ = {
			isa = XCBuildConfiguration;
			baseConfigurationReference = 71631DE532A30A31D5301870 /* Pods-StudyMate-StudyMateUITests.release.xcconfig */;
			buildSettings = {
				ALWAYS_EMBED_SWIFT_STANDARD_LIBRARIES = YES;
				CODE_SIGN_STYLE = Automatic;
				CURRENT_PROJECT_VERSION = 1;
				DEVELOPMENT_TEAM = 966AMBK56G;
				GENERATE_INFOPLIST_FILE = YES;
				MARKETING_VERSION = 1.0;
				PRODUCT_BUNDLE_IDENTIFIER = com.hwanghooo.StudyMateUITests;
				PRODUCT_NAME = "$(TARGET_NAME)";
				SWIFT_EMIT_LOC_STRINGS = NO;
				SWIFT_VERSION = 5.0;
				TARGETED_DEVICE_FAMILY = "1,2";
				TEST_TARGET_NAME = StudyMate;
			};
			name = Release;
		};
/* End XCBuildConfiguration section */

/* Begin XCConfigurationList section */
		0EB8268A2918B4AF00CA626A /* Build configuration list for PBXProject "StudyMate" */ = {
			isa = XCConfigurationList;
			buildConfigurations = (
				0EB826B72918B4B100CA626A /* Debug */,
				0EB826B82918B4B100CA626A /* Release */,
			);
			defaultConfigurationIsVisible = 0;
			defaultConfigurationName = Release;
		};
		0EB826B92918B4B100CA626A /* Build configuration list for PBXNativeTarget "StudyMate" */ = {
			isa = XCConfigurationList;
			buildConfigurations = (
				0EB826BA2918B4B100CA626A /* Debug */,
				0EB826BB2918B4B100CA626A /* Release */,
			);
			defaultConfigurationIsVisible = 0;
			defaultConfigurationName = Release;
		};
		0EB826BC2918B4B100CA626A /* Build configuration list for PBXNativeTarget "StudyMateTests" */ = {
			isa = XCConfigurationList;
			buildConfigurations = (
				0EB826BD2918B4B100CA626A /* Debug */,
				0EB826BE2918B4B100CA626A /* Release */,
			);
			defaultConfigurationIsVisible = 0;
			defaultConfigurationName = Release;
		};
		0EB826BF2918B4B100CA626A /* Build configuration list for PBXNativeTarget "StudyMateUITests" */ = {
			isa = XCConfigurationList;
			buildConfigurations = (
				0EB826C02918B4B100CA626A /* Debug */,
				0EB826C12918B4B100CA626A /* Release */,
			);
			defaultConfigurationIsVisible = 0;
			defaultConfigurationName = Release;
		};
/* End XCConfigurationList section */
	};
	rootObject = 0EB826872918B4AF00CA626A /* Project object */;
}
